{
  "version": "3",
  "packages": {
    "specifiers": {
      "jsr:@core/unknownutil": "jsr:@core/unknownutil@3.18.1"
    },
    "jsr": {
      "@core/unknownutil@3.18.1": {
        "integrity": "6aaa108b623ff971d062dd345da7ca03b97f61ae3d29c8677bff14fec11f0d76"
      }
    }
  },
  "redirects": {
    "https://deno.land/x/deno_dom/deno-dom-wasm.ts": "https://deno.land/x/deno_dom@v0.1.45/deno-dom-wasm.ts"
  },
  "remote": {
    "https://deno.land/x/deno_dom@v0.1.36-alpha/build/deno-wasm/deno-wasm.js": "3fa41dba4813e6d4b024a53a146b76e1afcbdf218fc02063442378c61239ed14",
    "https://deno.land/x/deno_dom@v0.1.36-alpha/deno-dom-wasm.ts": "bfd999a493a6974e9fca4d331bee03bfb68cfc600c662cd0b48b21d67a2a8ba0",
    "https://deno.land/x/deno_dom@v0.1.36-alpha/src/api.ts": "0ff5790f0a3eeecb4e00b7d8fbfa319b165962cf6d0182a65ba90f158d74f7d7",
    "https://deno.land/x/deno_dom@v0.1.36-alpha/src/constructor-lock.ts": "59714df7e0571ec7bd338903b1f396202771a6d4d7f55a452936bd0de9deb186",
    "https://deno.land/x/deno_dom@v0.1.36-alpha/src/deserialize.ts": "f4d34514ca00473ca428b69ad437ba345925744b5d791cb9552e2d7a0e7b0439",
    "https://deno.land/x/deno_dom@v0.1.36-alpha/src/dom/document-fragment.ts": "a40c6e18dd0efcf749a31552c1c9a6f7fa614452245e86ee38fc92ba0235e5ae",
    "https://deno.land/x/deno_dom@v0.1.36-alpha/src/dom/document.ts": "b8f4e4ccabaaa063d6562a0f2f8dea9c0419515d63d8bd79bfde95f7cd64bd93",
    "https://deno.land/x/deno_dom@v0.1.36-alpha/src/dom/dom-parser.ts": "609097b426f8c2358f3e5d2bca55ed026cf26cdf86562e94130dfdb0f2537f92",
    "https://deno.land/x/deno_dom@v0.1.36-alpha/src/dom/element.ts": "4a267c24d0e20b70741a14ab371a7511a4f3db682d3a1d229adaa66a46445fff",
    "https://deno.land/x/deno_dom@v0.1.36-alpha/src/dom/elements/html-template-element.ts": "19ad97c55222115e8daaca2788b9c98cc31a7f9d2547ed5bca0c56a4a12bfec8",
    "https://deno.land/x/deno_dom@v0.1.36-alpha/src/dom/html-collection.ts": "ae90197f5270c32074926ad6cf30ee07d274d44596c7e413c354880cebce8565",
    "https://deno.land/x/deno_dom@v0.1.36-alpha/src/dom/node-list.ts": "4c6e4b4585301d4147addaccd90cb5f5a80e8d6290a1ba7058c5e3dfea16e15d",
    "https://deno.land/x/deno_dom@v0.1.36-alpha/src/dom/node.ts": "3069e6fc93ac4111a136ed68199d76673339842b9751610ba06f111ba7dc10a7",
    "https://deno.land/x/deno_dom@v0.1.36-alpha/src/dom/selectors/custom-api.ts": "852696bd58e534bc41bd3be9e2250b60b67cd95fd28ed16b1deff1d548531a71",
    "https://deno.land/x/deno_dom@v0.1.36-alpha/src/dom/selectors/nwsapi-types.ts": "c43b36c36acc5d32caabaa54fda8c9d239b2b0fcbce9a28efb93c84aa1021698",
    "https://deno.land/x/deno_dom@v0.1.36-alpha/src/dom/selectors/nwsapi.js": "985d7d8fc1eabbb88946b47a1c44c1b2d4aa79ff23c21424219f1528fa27a2ff",
    "https://deno.land/x/deno_dom@v0.1.36-alpha/src/dom/selectors/selectors.ts": "83eab57be2290fb48e3130533448c93c6c61239f2a2f3b85f1917f80ca0fdc75",
    "https://deno.land/x/deno_dom@v0.1.36-alpha/src/dom/selectors/sizzle-types.ts": "78149e2502409989ce861ed636b813b059e16bc267bb543e7c2b26ef43e4798b",
    "https://deno.land/x/deno_dom@v0.1.36-alpha/src/dom/selectors/sizzle.js": "c3aed60c1045a106d8e546ac2f85cc82e65f62d9af2f8f515210b9212286682a",
    "https://deno.land/x/deno_dom@v0.1.36-alpha/src/dom/utils-types.ts": "96db30e3e4a75b194201bb9fa30988215da7f91b380fca6a5143e51ece2a8436",
    "https://deno.land/x/deno_dom@v0.1.36-alpha/src/dom/utils.ts": "ecd889ba74f3ce282620d8ca1d4d5e0365e6cc86101d2352f3bbf936ae496e2c",
    "https://deno.land/x/deno_dom@v0.1.36-alpha/src/parser.ts": "b65eb7e673fa7ca611de871de109655f0aa9fa35ddc1de73df1a5fc2baafc332",
    "https://deno.land/x/deno_dom@v0.1.45/build/deno-wasm/deno-wasm.js": "d6841a06342eb6a2798ef28de79ad69c0f2fa349fa04d3ca45e5fcfbf50a9340",
    "https://deno.land/x/deno_dom@v0.1.45/deno-dom-wasm.ts": "a33d160421bbb6e3104285ea5ebf33352b7ad50d82ea8765e3cf65f972b25119",
    "https://deno.land/x/deno_dom@v0.1.45/src/api.ts": "0ff5790f0a3eeecb4e00b7d8fbfa319b165962cf6d0182a65ba90f158d74f7d7",
    "https://deno.land/x/deno_dom@v0.1.45/src/constructor-lock.ts": "59714df7e0571ec7bd338903b1f396202771a6d4d7f55a452936bd0de9deb186",
    "https://deno.land/x/deno_dom@v0.1.45/src/deserialize.ts": "1cf4096678d8afed8ed28dbad690504c4d2c28149ba768b26eacd1416873425b",
    "https://deno.land/x/deno_dom@v0.1.45/src/dom/document-fragment.ts": "1c7352a3c816587ed7fad574b42636198f680f17abc3836fcfe7799b31e7718f",
    "https://deno.land/x/deno_dom@v0.1.45/src/dom/document.ts": "a182727dd9179e5712e31be66f4f72b766a5b714c765a75950babe6dd756b4ee",
    "https://deno.land/x/deno_dom@v0.1.45/src/dom/dom-parser.ts": "609097b426f8c2358f3e5d2bca55ed026cf26cdf86562e94130dfdb0f2537f92",
    "https://deno.land/x/deno_dom@v0.1.45/src/dom/element.ts": "d5371cd83ff2128353c1975465c368ef83d7441568626b386557deba51315111",
    "https://deno.land/x/deno_dom@v0.1.45/src/dom/elements/html-template-element.ts": "740b97a5378c9a14cccf3429299846eda240b613013e2d2d7f20b393897453c2",
    "https://deno.land/x/deno_dom@v0.1.45/src/dom/html-collection.ts": "829a965f419f8286d5f43a12e27886d10836d519ca2d5e74cb3f2e1d35f35746",
    "https://deno.land/x/deno_dom@v0.1.45/src/dom/node-list.ts": "9008303fe236e40e74f9f93e398bd173d2e9b09065932a0153dd0142c759397b",
    "https://deno.land/x/deno_dom@v0.1.45/src/dom/node.ts": "3069e6fc93ac4111a136ed68199d76673339842b9751610ba06f111ba7dc10a7",
    "https://deno.land/x/deno_dom@v0.1.45/src/dom/selectors/custom-api.ts": "852696bd58e534bc41bd3be9e2250b60b67cd95fd28ed16b1deff1d548531a71",
    "https://deno.land/x/deno_dom@v0.1.45/src/dom/selectors/nwsapi-types.ts": "c43b36c36acc5d32caabaa54fda8c9d239b2b0fcbce9a28efb93c84aa1021698",
    "https://deno.land/x/deno_dom@v0.1.45/src/dom/selectors/nwsapi.js": "985d7d8fc1eabbb88946b47a1c44c1b2d4aa79ff23c21424219f1528fa27a2ff",
    "https://deno.land/x/deno_dom@v0.1.45/src/dom/selectors/selectors.ts": "83eab57be2290fb48e3130533448c93c6c61239f2a2f3b85f1917f80ca0fdc75",
    "https://deno.land/x/deno_dom@v0.1.45/src/dom/selectors/sizzle-types.ts": "78149e2502409989ce861ed636b813b059e16bc267bb543e7c2b26ef43e4798b",
    "https://deno.land/x/deno_dom@v0.1.45/src/dom/selectors/sizzle.js": "c3aed60c1045a106d8e546ac2f85cc82e65f62d9af2f8f515210b9212286682a",
    "https://deno.land/x/deno_dom@v0.1.45/src/dom/utils-types.ts": "96db30e3e4a75b194201bb9fa30988215da7f91b380fca6a5143e51ece2a8436",
    "https://deno.land/x/deno_dom@v0.1.45/src/dom/utils.ts": "4c6206516fb8f61f37a209c829e812c4f5a183e46d082934dd14c91bde939263",
    "https://deno.land/x/deno_dom@v0.1.45/src/parser.ts": "e06b2300d693e6ae7564e53dfa5c9a9e97fdb8c044c39c52c8b93b5d60860be3",
    "https://deno.land/x/hono@v3.3.1/client/client.ts": "7a819af2aa9aabc746add4d01715fa37f83676fdf1b63fba1bbcd655b2d066a5",
    "https://deno.land/x/hono@v3.3.1/client/index.ts": "3ff4cf246f3543f827a85a2c84d66a025ac350ee927613629bda47e854bfb7ba",
    "https://deno.land/x/hono@v3.3.1/client/types.ts": "256a282e327fc46578de12097f22f6c295343a90c5670ae377b7967cf1622c66",
    "https://deno.land/x/hono@v3.3.1/client/utils.ts": "053273c002963b549d38268a1b423ac8ca211a8028bdab1ed0b781a62aa5e661",
    "https://deno.land/x/hono@v3.3.1/compose.ts": "e55ed7be2134f363ff3c8e8e2f520ff682c6a11a47d7189100ed69704ce10b9e",
    "https://deno.land/x/hono@v3.3.1/context.ts": "a9d2dba3528df1a804d78630f867a8aaee2ebc8b498c5c781eeb057539dedb20",
    "https://deno.land/x/hono@v3.3.1/hono-base.ts": "4b5ca6acc83cb9cdbff57ed564628b07fc0f957a983310002f609ed79aaa80e5",
    "https://deno.land/x/hono@v3.3.1/hono.ts": "c185fae30dc3aa9966b0f3e8599f81314ba5e8621b907d27cffb77414a1c0908",
    "https://deno.land/x/hono@v3.3.1/http-exception.ts": "6071df078b5f76d279684d52fe82a590f447a64ffe1b75eb5064d0c8a8d2d676",
    "https://deno.land/x/hono@v3.3.1/mod.ts": "be5c09896830494225a12488e3e086b331b9c8829f66cc529cb8636a0c15f6fe",
    "https://deno.land/x/hono@v3.3.1/request.ts": "abbfbd63516c7ee60445b85a5ae8d45a8c9b4dc1a536af5cf84ff73b742ebda4",
    "https://deno.land/x/hono@v3.3.1/router.ts": "d03e2a9e862c898e8555b451ba80c65b1f39d487230815229e1f046dbd8546cb",
    "https://deno.land/x/hono@v3.3.1/router/linear-router/index.ts": "8a2a7144c50b1f4a92d9ee99c2c396716af144c868e10608255f969695efccd0",
    "https://deno.land/x/hono@v3.3.1/router/linear-router/router.ts": "90d4afc052b72f53dafbcf97fd32f24299b985f8a35dbdc70b28048201b3dcbc",
    "https://deno.land/x/hono@v3.3.1/router/pattern-router/index.ts": "304a66c50e243872037ed41c7dd79ed0c89d815e17e172e7ad7cdc4bc07d3383",
    "https://deno.land/x/hono@v3.3.1/router/pattern-router/router.ts": "38ffe40056f3aa7ecf441711d82af2d0357aae6c2fd168f534427579e89439f4",
    "https://deno.land/x/hono@v3.3.1/router/reg-exp-router/index.ts": "52755829213941756159b7a963097bafde5cc4fc22b13b1c7c9184dc0512d1db",
    "https://deno.land/x/hono@v3.3.1/router/reg-exp-router/node.ts": "8006b5bccb83d9fc98e0562a5545f6dd0be639ce445b089a6171c9c617aa8693",
    "https://deno.land/x/hono@v3.3.1/router/reg-exp-router/router.ts": "aeddd88e16a7ec3cf088a13ee952cfcb3319f97559767253e1a600f72fc70f27",
    "https://deno.land/x/hono@v3.3.1/router/reg-exp-router/trie.ts": "567493b301c44174f0895aedb8d055bbecf88f8a25626fa8ca61333bbd0c882c",
    "https://deno.land/x/hono@v3.3.1/router/smart-router/index.ts": "74f9b4fe15ea535900f2b9b048581915f12fe94e531dd2b0032f5610e61c3bef",
    "https://deno.land/x/hono@v3.3.1/router/smart-router/router.ts": "38209165dadea4182b42807a0a6c84a9258532a07ebf87262dc2b5b09d25a2a2",
    "https://deno.land/x/hono@v3.3.1/router/trie-router/index.ts": "3eb75e7f71ba81801631b30de6b1f5cefb2c7239c03797e2b2cbab5085911b41",
    "https://deno.land/x/hono@v3.3.1/router/trie-router/node.ts": "3e27c0ff9b1d677c4ab1fbf0895e81c8e3ba277c6c2ccbc68a98185b32040c95",
    "https://deno.land/x/hono@v3.3.1/router/trie-router/router.ts": "ad0b3fdabc33abd11a9f5819734aec743602a743cfc9f90ddad73787cd5e7727",
    "https://deno.land/x/hono@v3.3.1/types.ts": "d9733cf808ae9828fb12b62ff4decc23992da8f2050294a16e4af6d90db302f3",
    "https://deno.land/x/hono@v3.3.1/utils/body.ts": "67627aaac6ea8d3d2f2ffcb0aabccfe0c854ee11eaecd36dfcc2f012005337f7",
    "https://deno.land/x/hono@v3.3.1/utils/cookie.ts": "ff2f948c27fb8867fc990b1b6b182dfbe4c263c60a94cd33aefa77af5cdb1655",
    "https://deno.land/x/hono@v3.3.1/utils/http-status.ts": "e0c4343ea7717c314dc600131e16b636c29d61cfdaf9df93b267258d1729d1a0",
    "https://deno.land/x/hono@v3.3.1/utils/types.ts": "634ee00ae271302b2decf73edb91d843feb9fc7bfd43ea643d1b14861914577d",
    "https://deno.land/x/hono@v3.3.1/utils/url.ts": "ad1c84749c1d8fc9b069a074003855b52c04bd56b64ac731a0abc276dfe90dcc",
    "https://deno.land/x/hono@v3.3.1/validator/index.ts": "6c986e8b91dcf857ecc8164a506ae8eea8665792a4ff7215471df669c632ae7c",
    "https://deno.land/x/hono@v3.3.1/validator/validator.ts": "e52183ddf8cefc3cfe2788802fe6ce766df8ac904df485107b01cbcca167dbad",
    "https://deno.land/x/monads@v0.5.10/either/either.ts": "89f539c7d50bd0ee8d9b902f37ef16687c19b62cc9dd23454029c97fbfc15cc6",
    "https://deno.land/x/monads@v0.5.10/index.ts": "f0e90b8c1dd767efca137d682ac1a19b2dbae4d1990b8a79a40b4e054c69b3d6",
    "https://deno.land/x/monads@v0.5.10/mod.ts": "f1b16a34d47e58fdf9f1f54c49d2fe6df67b3d2e077e21638f25fbe080eee6cf",
    "https://deno.land/x/monads@v0.5.10/option/option.ts": "76ef03c3370207112759f932f39aab04999cdd1a5c5a954769b3868602faf883",
    "https://deno.land/x/monads@v0.5.10/result/result.ts": "bb482b7b90949d3a67e78b4b0dd949774eccaa808df39ac83f6a585526edeb37",
    "https://deno.land/x/sleep@v1.2.1/mod.ts": "f2d3c9e1ef1fb2852f580f6960384bed36bc18a2da357c35f11a089fcca44273",
    "https://deno.land/x/sleep@v1.2.1/sleep.ts": "2426efe5d3ce5de0b8af08bd36a8700deb5dc60e752f5f8f05d5e815a7e8cb0e",
    "https://deno.land/x/unknownutil@v3.2.0/is.ts": "ed1e4fea5381329b9dc15ebb85fd7c11c079316097209069d6326c5e227ec9fb",
    "https://deno.land/x/unknownutil@v3.2.0/mod.ts": "50f0bdb70664c65b2954d4b9bb0f95f9bb4c77c4469331fda2475a4ffbb51a15",
    "https://deno.land/x/unknownutil@v3.2.0/util.ts": "5d50435cb2ebfc8b1e49c571c5bcdcf9694e87f99aa51b670baf47f58e0e9248"
  }
}
